{
  "name": "browseragentkit",
  "lockfileVersion": 3,
  "requires": true,
  "packages": {
    "": {
      "name": "browseragentkit",
      "license": "SEE LICENSE IN LICENSE.md",
      "workspaces": [
        "packages/*"
      ],
      "devDependencies": {
        "typescript": "^5.4.5"
      }
    },
    "node_modules/@browser-agent-kit/core": {
      "resolved": "packages/core",
      "link": true
    },
    "node_modules/@browser-agent-kit/mcp": {
      "resolved": "packages/mcp",
      "link": true
    },
    "node_modules/@browser-agent-kit/model-bridge": {
      "resolved": "packages/model-bridge",
      "link": true
    },
    "node_modules/@browser-agent-kit/runtime-browser": {
      "resolved": "packages/runtime-browser",
      "link": true
    },
    "node_modules/@browser-agent-kit/tools-web": {
      "resolved": "packages/tools-web",
      "link": true
    },
    "node_modules/typescript": {
      "version": "5.9.3",
      "resolved": "https://registry.npmjs.org/typescript/-/typescript-5.9.3.tgz",
      "integrity": "sha512-jl1vZzPDinLr9eUt3J/t7V6FgNEw9QjvBPdysz9KfQDD41fQrC2Y4vKQdiaUpFT4bXlb1RHhLpp8wtm6M5TgSw==",
      "dev": true,
      "bin": {
        "tsc": "bin/tsc",
        "tsserver": "bin/tsserver"
      },
      "engines": {
        "node": ">=14.17"
      }
    },
    "packages/core": {
      "name": "@browser-agent-kit/core",
      "version": "0.0.1"
    },
    "packages/mcp": {
      "name": "@browser-agent-kit/mcp",
      "version": "0.0.1",
      "dependencies": {
        "@browser-agent-kit/core": "0.0.1"
      }
    },
    "packages/model-bridge": {
      "name": "@browser-agent-kit/model-bridge",
      "version": "0.0.1",
      "dependencies": {
        "@browser-agent-kit/core": "0.0.1"
      }
    },
    "packages/runtime-browser": {
      "name": "@browser-agent-kit/runtime-browser",
      "version": "0.0.1"
    },
    "packages/tools-web": {
      "name": "@browser-agent-kit/tools-web",
      "version": "0.0.1",
      "dependencies": {
        "@browser-agent-kit/core": "0.0.1"
      }
    }
  }
}
